
Microsoft Visual Studio Solution File, Format Version 12.00
# Visual Studio Version 16
VisualStudioVersion = 16.0.30611.23
MinimumVisualStudioVersion = 10.0.40219.1
Project("{FAE04EC0-301F-11D3-BF4B-00C04F79EFBC}") = "BooksProiektua", "BooksProiektua\BooksProiektua.csproj", "{55979A9E-B49C-4998-9981-011883C76046}"
EndProject
Global
	GlobalSection(SolutionConfigurationPlatforms) = preSolution
		Debug|Any CPU = Debug|Any CPU
		Release|Any CPU = Release|Any CPU
	EndGlobalSection
	GlobalSection(ProjectConfigurationPlatforms) = postSolution
		{55979A9E-B49C-4998-9981-011883C76046}.Debug|Any CPU.ActiveCfg = Debug|Any CPU
		{55979A9E-B49C-4998-9981-011883C76046}.Debug|Any CPU.Build.0 = Debug|Any CPU
		{55979A9E-B49C-4998-9981-011883C76046}.Release|Any CPU.ActiveCfg = Release|Any CPU
		{55979A9E-B49C-4998-9981-011883C76046}.Release|Any CPU.Build.0 = Release|Any CPU
	EndGlobalSection
	GlobalSection(SolutionProperties) = preSolution
		HideSolutionNode = FALSE
	EndGlobalSection
	GlobalSection(ExtensibilityGlobals) = postSolution
		SolutionGuid = {E1A908DA-E9C8-4565-8B6B-A6C89E464113}
	EndGlobalSection
EndGlobal
